
Microsoft Visual Studio Solution File, Format Version 12.00
# Visual Studio Version 16
VisualStudioVersion = 16.0.31112.23
MinimumVisualStudioVersion = 10.0.40219.1
Project("{FAE04EC0-301F-11D3-BF4B-00C04F79EFBC}") = "Banking System", "BankingSystem\Banking System.csproj", "{711F3B37-89FC-4F78-951C-D14D0E0B3CF0}"
EndProject
Global
	GlobalSection(SolutionConfigurationPlatforms) = preSolution
		Debug|Any CPU = Debug|Any CPU
		Release|Any CPU = Release|Any CPU
	EndGlobalSection
	GlobalSection(ProjectConfigurationPlatforms) = postSolution
		{711F3B37-89FC-4F78-951C-D14D0E0B3CF0}.Debug|Any CPU.ActiveCfg = Debug|Any CPU
		{711F3B37-89FC-4F78-951C-D14D0E0B3CF0}.Debug|Any CPU.Build.0 = Debug|Any CPU
		{711F3B37-89FC-4F78-951C-D14D0E0B3CF0}.Release|Any CPU.ActiveCfg = Release|Any CPU
		{711F3B37-89FC-4F78-951C-D14D0E0B3CF0}.Release|Any CPU.Build.0 = Release|Any CPU
	EndGlobalSection
	GlobalSection(SolutionProperties) = preSolution
		HideSolutionNode = FALSE
	EndGlobalSection
	GlobalSection(ExtensibilityGlobals) = postSolution
		SolutionGuid = {F465D0B4-4C5F-49B3-906C-8ECB5828C32F}
	EndGlobalSection
EndGlobal
